# This file is generated by running "yarn install" inside your project.
# Manual changes might be lost - proceed with caution!

__metadata:
  version: 6
  cacheKey: 8

"@openzeppelin/contracts@npm:^4.6.0":
  version: 4.6.0
  resolution: "@openzeppelin/contracts@npm:4.6.0"
  checksum: 1de06211b279d7aef2bb9abbdd58eb80c71256f7e888a10855ea23bb06ef8723b22fb550d06af60247dfbd7f0f23de9821732012d7541a823339070a8442d1db
  languageName: node
  linkType: hard

"sortitionmining@workspace:.":
  version: 0.0.0-use.local
  resolution: "sortitionmining@workspace:."
  dependencies:
    "@openzeppelin/contracts": ^4.6.0
  languageName: unknown
  linkType: soft
